<?xml version="1.0" encoding="utf-8"?>
<Project ToolsVersion="4.0" xmlns="http://schemas.microsoft.com/developer/msbuild/2003">
  <ItemGroup>
    <Filter Include="소스 파일">
      <UniqueIdentifier>{4FC737F1-C7A5-4376-A066-2A32D752A2FF}</UniqueIdentifier>
      <Extensions>cpp;c;cc;cxx;def;odl;idl;hpj;bat;asm;asmx</Extensions>
    </Filter>
    <Filter Include="헤더 파일">
      <UniqueIdentifier>{93995380-89BD-4b04-88EB-625FBE52EBFB}</UniqueIdentifier>
      <Extensions>h;hh;hpp;hxx;hm;inl;inc;xsd</Extensions>
    </Filter>
    <Filter Include="리소스 파일">
      <UniqueIdentifier>{67DA6AB6-F800-4c08-8B7A-83BB121AAD01}</UniqueIdentifier>
      <Extensions>rc;ico;cur;bmp;dlg;rc2;rct;bin;rgs;gif;jpg;jpeg;jpe;resx;tiff;tif;png;wav;mfcribbon-ms</Extensions>
    </Filter>
    <Filter Include="소스 파일\domain">
      <UniqueIdentifier>{e1197483-07af-447e-9f5c-536c93bb2661}</UniqueIdentifier>
    </Filter>
    <Filter Include="소스 파일\dao">
      <UniqueIdentifier>{7c0e4811-eeeb-4c9d-8771-5678ec22f3d6}</UniqueIdentifier>
    </Filter>
    <Filter Include="소스 파일\service">
      <UniqueIdentifier>{6f801642-9571-43f1-a1ee-860787721eb2}</UniqueIdentifier>
    </Filter>
    <Filter Include="소스 파일\datasource">
      <UniqueIdentifier>{044abb37-32de-4740-8617-a1a4e384cc1e}</UniqueIdentifier>
    </Filter>
  </ItemGroup>
  <ItemGroup>
    <Text Include="ReadMe.txt" />
  </ItemGroup>
  <ItemGroup>
    <ClCompile Include="Main.cpp">
      <Filter>소스 파일</Filter>
    </ClCompile>
    <ClCompile Include="datasource\DataSource.cpp">
      <Filter>소스 파일\datasource</Filter>
    </ClCompile>
    <ClCompile Include="domain\Chatting.cpp">
      <Filter>소스 파일\domain</Filter>
    </ClCompile>
    <ClCompile Include="domain\InventoryInfo.cpp">
      <Filter>소스 파일\domain</Filter>
    </ClCompile>
    <ClCompile Include="domain\Map.cpp">
      <Filter>소스 파일\domain</Filter>
    </ClCompile>
    <ClCompile Include="domain\MapInfo.cpp">
      <Filter>소스 파일\domain</Filter>
    </ClCompile>
    <ClCompile Include="domain\Monster.cpp">
      <Filter>소스 파일\domain</Filter>
    </ClCompile>
    <ClCompile Include="domain\ServerInfo.cpp">
      <Filter>소스 파일\domain</Filter>
    </ClCompile>
    <ClCompile Include="domain\User.cpp">
      <Filter>소스 파일\domain</Filter>
    </ClCompile>
    <ClCompile Include="dao\ChattingDao.cpp">
      <Filter>소스 파일\dao</Filter>
    </ClCompile>
    <ClCompile Include="dao\InventoryInfoDao.cpp">
      <Filter>소스 파일\dao</Filter>
    </ClCompile>
    <ClCompile Include="dao\MapDao.cpp">
      <Filter>소스 파일\dao</Filter>
    </ClCompile>
    <ClCompile Include="dao\MapInfoDao.cpp">
      <Filter>소스 파일\dao</Filter>
    </ClCompile>
    <ClCompile Include="dao\MonsterDao.cpp">
      <Filter>소스 파일\dao</Filter>
    </ClCompile>
    <ClCompile Include="dao\ServerInfoDao.cpp">
      <Filter>소스 파일\dao</Filter>
    </ClCompile>
    <ClCompile Include="dao\UserDao.cpp">
      <Filter>소스 파일\dao</Filter>
    </ClCompile>
    <ClCompile Include="dao\UserDaoTest.cpp">
      <Filter>소스 파일\dao</Filter>
    </ClCompile>
    <ClCompile Include="dao\ChattingDaoTest.cpp">
      <Filter>소스 파일\dao</Filter>
    </ClCompile>
    <ClCompile Include="dao\InventoryInfoDaoTest.cpp">
      <Filter>소스 파일\dao</Filter>
    </ClCompile>
    <ClCompile Include="dao\MapDaoTest.cpp">
      <Filter>소스 파일\dao</Filter>
    </ClCompile>
    <ClCompile Include="dao\MapInfoDaoTest.cpp">
      <Filter>소스 파일\dao</Filter>
    </ClCompile>
    <ClCompile Include="service\MapManageService.cpp">
      <Filter>소스 파일\service</Filter>
    </ClCompile>
    <ClCompile Include="dao\MonsterDaoTest.cpp">
      <Filter>소스 파일\dao</Filter>
    </ClCompile>
    <ClCompile Include="service\MapManageServiceTest.cpp">
      <Filter>소스 파일\service</Filter>
    </ClCompile>
    <ClCompile Include="GameServer.cpp">
      <Filter>소스 파일</Filter>
    </ClCompile>
    <ClCompile Include="GameServerTest.cpp">
      <Filter>소스 파일</Filter>
    </ClCompile>
    <ClCompile Include="GameClient.cpp">
      <Filter>소스 파일</Filter>
    </ClCompile>
    <ClCompile Include="service\UserService.cpp">
      <Filter>소스 파일\service</Filter>
    </ClCompile>
    <ClCompile Include="service\UserServiceTest.cpp">
      <Filter>소스 파일\service</Filter>
    </ClCompile>
    <ClCompile Include="service\ChattingService.cpp">
      <Filter>소스 파일\service</Filter>
    </ClCompile>
    <ClCompile Include="service\ChattingServiceTest.cpp">
      <Filter>소스 파일\service</Filter>
    </ClCompile>
  </ItemGroup>
  <ItemGroup>
    <ClInclude Include="datasource\DataSource.h">
      <Filter>소스 파일\datasource</Filter>
    </ClInclude>
    <ClInclude Include="domain\Chatting.h">
      <Filter>소스 파일\domain</Filter>
    </ClInclude>
    <ClInclude Include="domain\InventoryInfo.h">
      <Filter>소스 파일\domain</Filter>
    </ClInclude>
    <ClInclude Include="domain\Map.h">
      <Filter>소스 파일\domain</Filter>
    </ClInclude>
    <ClInclude Include="domain\MapInfo.h">
      <Filter>소스 파일\domain</Filter>
    </ClInclude>
    <ClInclude Include="domain\Monster.h">
      <Filter>소스 파일\domain</Filter>
    </ClInclude>
    <ClInclude Include="domain\ServerInfo.h">
      <Filter>소스 파일\domain</Filter>
    </ClInclude>
    <ClInclude Include="domain\User.h">
      <Filter>소스 파일\domain</Filter>
    </ClInclude>
    <ClInclude Include="dao\ChattingDao.h">
      <Filter>소스 파일\dao</Filter>
    </ClInclude>
    <ClInclude Include="dao\InventoryInfoDao.h">
      <Filter>소스 파일\dao</Filter>
    </ClInclude>
    <ClInclude Include="dao\MapDao.h">
      <Filter>소스 파일\dao</Filter>
    </ClInclude>
    <ClInclude Include="dao\MapInfoDao.h">
      <Filter>소스 파일\dao</Filter>
    </ClInclude>
    <ClInclude Include="dao\MonsterDao.h">
      <Filter>소스 파일\dao</Filter>
    </ClInclude>
    <ClInclude Include="dao\ServerInfoDao.h">
      <Filter>소스 파일\dao</Filter>
    </ClInclude>
    <ClInclude Include="dao\UserDao.h">
      <Filter>소스 파일\dao</Filter>
    </ClInclude>
    <ClInclude Include="dao\UserDaoTest.h">
      <Filter>소스 파일\dao</Filter>
    </ClInclude>
    <ClInclude Include="dao\ChattingDaoTest.h">
      <Filter>소스 파일\dao</Filter>
    </ClInclude>
    <ClInclude Include="dao\InventoryInfoDaoTest.h">
      <Filter>소스 파일\dao</Filter>
    </ClInclude>
    <ClInclude Include="dao\MapDaoTest.h">
      <Filter>소스 파일\dao</Filter>
    </ClInclude>
    <ClInclude Include="dao\MapInfoDaoTest.h">
      <Filter>소스 파일\dao</Filter>
    </ClInclude>
    <ClInclude Include="service\MapManageService.h">
      <Filter>소스 파일\service</Filter>
    </ClInclude>
    <ClInclude Include="dao\MonsterDaoTest.h">
      <Filter>소스 파일\dao</Filter>
    </ClInclude>
    <ClInclude Include="service\MapManageServiceTest.h">
      <Filter>소스 파일\service</Filter>
    </ClInclude>
    <ClInclude Include="GameServer.h">
      <Filter>소스 파일</Filter>
    </ClInclude>
    <ClInclude Include="GameServerTest.h">
      <Filter>소스 파일</Filter>
    </ClInclude>
    <ClInclude Include="GameClient.h">
      <Filter>소스 파일</Filter>
    </ClInclude>
    <ClInclude Include="service\UserService.h">
      <Filter>소스 파일\service</Filter>
    </ClInclude>
    <ClInclude Include="service\UserServiceTest.h">
      <Filter>소스 파일\service</Filter>
    </ClInclude>
    <ClInclude Include="service\ChattingService.h">
      <Filter>소스 파일\service</Filter>
    </ClInclude>
    <ClInclude Include="service\ChattingServiceTest.h">
      <Filter>소스 파일\service</Filter>
    </ClInclude>
  </ItemGroup>
  <ItemGroup>
    <None Include="Makefile">
      <Filter>소스 파일</Filter>
    </None>
  </ItemGroup>
</Project>